
Microsoft Visual Studio Solution File, Format Version 11.00
# Visual C# Express 2010
Project("{FAE04EC0-301F-11D3-BF4B-00C04F79EFBC}") = "TodayKOSPI_Price_T", "TodayKOSPI_Price_T\TodayKOSPI_Price_T.csproj", "{1B332D2D-9E40-4FB1-B030-138C1F994DDC}"
EndProject
Global
	GlobalSection(SolutionConfigurationPlatforms) = preSolution
		Debug|x86 = Debug|x86
		Release|x86 = Release|x86
	EndGlobalSection
	GlobalSection(ProjectConfigurationPlatforms) = postSolution
		{1B332D2D-9E40-4FB1-B030-138C1F994DDC}.Debug|x86.ActiveCfg = Debug|x86
		{1B332D2D-9E40-4FB1-B030-138C1F994DDC}.Debug|x86.Build.0 = Debug|x86
		{1B332D2D-9E40-4FB1-B030-138C1F994DDC}.Release|x86.ActiveCfg = Release|x86
		{1B332D2D-9E40-4FB1-B030-138C1F994DDC}.Release|x86.Build.0 = Release|x86
	EndGlobalSection
	GlobalSection(SolutionProperties) = preSolution
		HideSolutionNode = FALSE
	EndGlobalSection
EndGlobal
